
Microsoft Visual Studio Solution File, Format Version 12.00
# Visual Studio Version 16
VisualStudioVersion = 16.0.29728.190
MinimumVisualStudioVersion = 10.0.40219.1
Project("{FAE04EC0-301F-11D3-BF4B-00C04F79EFBC}") = "com.ctl.Estimator.Deck.UWP", "com.ctl.Estimator.Deck.UWP\com.ctl.Estimator.Deck.UWP.csproj", "{62C6479D-B406-43CC-B9E5-3A614DEF02C4}"
EndProject
Project("{FAE04EC0-301F-11D3-BF4B-00C04F79EFBC}") = "com.ctl.Estimator.Deck.Android", "com.ctl.Estimator.Deck.Android\com.ctl.Estimator.Deck.Android.csproj", "{699E9E4C-5850-4D0C-A57E-82CD8E5FABF2}"
EndProject
Project("{FAE04EC0-301F-11D3-BF4B-00C04F79EFBC}") = "com.ctl.Estimator.Deck.iOS", "com.ctl.Estimator.Deck.iOS\com.ctl.Estimator.Deck.iOS.csproj", "{ECD62E6C-4A22-4E51-A9D6-451073033F77}"
EndProject
Project("{FAE04EC0-301F-11D3-BF4B-00C04F79EFBC}") = "com.ctl.Estimator.Deck", "com.ctl.Estimator.Deck\com.ctl.Estimator.Deck.csproj", "{FE8C8744-EFA1-499D-BE13-B07BA3BCE00E}"
EndProject
Global
	GlobalSection(SolutionConfigurationPlatforms) = preSolution
		Debug|Any CPU = Debug|Any CPU
		Debug|ARM = Debug|ARM
		Debug|iPhone = Debug|iPhone
		Debug|iPhoneSimulator = Debug|iPhoneSimulator
		Debug|x64 = Debug|x64
		Debug|x86 = Debug|x86
		Release|Any CPU = Release|Any CPU
		Release|ARM = Release|ARM
		Release|iPhone = Release|iPhone
		Release|iPhoneSimulator = Release|iPhoneSimulator
		Release|x64 = Release|x64
		Release|x86 = Release|x86
	EndGlobalSection
	GlobalSection(ProjectConfigurationPlatforms) = postSolution
		{62C6479D-B406-43CC-B9E5-3A614DEF02C4}.Debug|Any CPU.ActiveCfg = Debug|x86
		{62C6479D-B406-43CC-B9E5-3A614DEF02C4}.Debug|Any CPU.Build.0 = Debug|x86
		{62C6479D-B406-43CC-B9E5-3A614DEF02C4}.Debug|Any CPU.Deploy.0 = Debug|x86
		{62C6479D-B406-43CC-B9E5-3A614DEF02C4}.Debug|ARM.ActiveCfg = Debug|ARM
		{62C6479D-B406-43CC-B9E5-3A614DEF02C4}.Debug|ARM.Build.0 = Debug|ARM
		{62C6479D-B406-43CC-B9E5-3A614DEF02C4}.Debug|ARM.Deploy.0 = Debug|ARM
		{62C6479D-B406-43CC-B9E5-3A614DEF02C4}.Debug|iPhone.ActiveCfg = Debug|x86
		{62C6479D-B406-43CC-B9E5-3A614DEF02C4}.Debug|iPhone.Build.0 = Debug|x86
		{62C6479D-B406-43CC-B9E5-3A614DEF02C4}.Debug|iPhone.Deploy.0 = Debug|x86
		{62C6479D-B406-43CC-B9E5-3A614DEF02C4}.Debug|iPhoneSimulator.ActiveCfg = Debug|x86
		{62C6479D-B406-43CC-B9E5-3A614DEF02C4}.Debug|iPhoneSimulator.Build.0 = Debug|x86
		{62C6479D-B406-43CC-B9E5-3A614DEF02C4}.Debug|iPhoneSimulator.Deploy.0 = Debug|x86
		{62C6479D-B406-43CC-B9E5-3A614DEF02C4}.Debug|x64.ActiveCfg = Debug|x64
		{62C6479D-B406-43CC-B9E5-3A614DEF02C4}.Debug|x64.Build.0 = Debug|x64
		{62C6479D-B406-43CC-B9E5-3A614DEF02C4}.Debug|x64.Deploy.0 = Debug|x64
		{62C6479D-B406-43CC-B9E5-3A614DEF02C4}.Debug|x86.ActiveCfg = Debug|x86
		{62C6479D-B406-43CC-B9E5-3A614DEF02C4}.Debug|x86.Build.0 = Debug|x86
		{62C6479D-B406-43CC-B9E5-3A614DEF02C4}.Debug|x86.Deploy.0 = Debug|x86
		{62C6479D-B406-43CC-B9E5-3A614DEF02C4}.Release|Any CPU.ActiveCfg = Release|x86
		{62C6479D-B406-43CC-B9E5-3A614DEF02C4}.Release|Any CPU.Build.0 = Release|x86
		{62C6479D-B406-43CC-B9E5-3A614DEF02C4}.Release|Any CPU.Deploy.0 = Release|x86
		{62C6479D-B406-43CC-B9E5-3A614DEF02C4}.Release|ARM.ActiveCfg = Release|ARM
		{62C6479D-B406-43CC-B9E5-3A614DEF02C4}.Release|ARM.Build.0 = Release|ARM
		{62C6479D-B406-43CC-B9E5-3A614DEF02C4}.Release|ARM.Deploy.0 = Release|ARM
		{62C6479D-B406-43CC-B9E5-3A614DEF02C4}.Release|iPhone.ActiveCfg = Release|x86
		{62C6479D-B406-43CC-B9E5-3A614DEF02C4}.Release|iPhone.Build.0 = Release|x86
		{62C6479D-B406-43CC-B9E5-3A614DEF02C4}.Release|iPhone.Deploy.0 = Release|x86
		{62C6479D-B406-43CC-B9E5-3A614DEF02C4}.Release|iPhoneSimulator.ActiveCfg = Release|x86
		{62C6479D-B406-43CC-B9E5-3A614DEF02C4}.Release|iPhoneSimulator.Build.0 = Release|x86
		{62C6479D-B406-43CC-B9E5-3A614DEF02C4}.Release|iPhoneSimulator.Deploy.0 = Release|x86
		{62C6479D-B406-43CC-B9E5-3A614DEF02C4}.Release|x64.ActiveCfg = Release|x64
		{62C6479D-B406-43CC-B9E5-3A614DEF02C4}.Release|x64.Build.0 = Release|x64
		{62C6479D-B406-43CC-B9E5-3A614DEF02C4}.Release|x64.Deploy.0 = Release|x64
		{62C6479D-B406-43CC-B9E5-3A614DEF02C4}.Release|x86.ActiveCfg = Release|x86
		{62C6479D-B406-43CC-B9E5-3A614DEF02C4}.Release|x86.Build.0 = Release|x86
		{62C6479D-B406-43CC-B9E5-3A614DEF02C4}.Release|x86.Deploy.0 = Release|x86
		{699E9E4C-5850-4D0C-A57E-82CD8E5FABF2}.Debug|Any CPU.ActiveCfg = Debug|Any CPU
		{699E9E4C-5850-4D0C-A57E-82CD8E5FABF2}.Debug|Any CPU.Build.0 = Debug|Any CPU
		{699E9E4C-5850-4D0C-A57E-82CD8E5FABF2}.Debug|Any CPU.Deploy.0 = Debug|Any CPU
		{699E9E4C-5850-4D0C-A57E-82CD8E5FABF2}.Debug|ARM.ActiveCfg = Debug|Any CPU
		{699E9E4C-5850-4D0C-A57E-82CD8E5FABF2}.Debug|ARM.Build.0 = Debug|Any CPU
		{699E9E4C-5850-4D0C-A57E-82CD8E5FABF2}.Debug|ARM.Deploy.0 = Debug|Any CPU
		{699E9E4C-5850-4D0C-A57E-82CD8E5FABF2}.Debug|iPhone.ActiveCfg = Debug|Any CPU
		{699E9E4C-5850-4D0C-A57E-82CD8E5FABF2}.Debug|iPhone.Build.0 = Debug|Any CPU
		{699E9E4C-5850-4D0C-A57E-82CD8E5FABF2}.Debug|iPhone.Deploy.0 = Debug|Any CPU
		{699E9E4C-5850-4D0C-A57E-82CD8E5FABF2}.Debug|iPhoneSimulator.ActiveCfg = Debug|Any CPU
		{699E9E4C-5850-4D0C-A57E-82CD8E5FABF2}.Debug|iPhoneSimulator.Build.0 = Debug|Any CPU
		{699E9E4C-5850-4D0C-A57E-82CD8E5FABF2}.Debug|iPhoneSimulator.Deploy.0 = Debug|Any CPU
		{699E9E4C-5850-4D0C-A57E-82CD8E5FABF2}.Debug|x64.ActiveCfg = Debug|Any CPU
		{699E9E4C-5850-4D0C-A57E-82CD8E5FABF2}.Debug|x64.Build.0 = Debug|Any CPU
		{699E9E4C-5850-4D0C-A57E-82CD8E5FABF2}.Debug|x64.Deploy.0 = Debug|Any CPU
		{699E9E4C-5850-4D0C-A57E-82CD8E5FABF2}.Debug|x86.ActiveCfg = Debug|Any CPU
		{699E9E4C-5850-4D0C-A57E-82CD8E5FABF2}.Debug|x86.Build.0 = Debug|Any CPU
		{699E9E4C-5850-4D0C-A57E-82CD8E5FABF2}.Debug|x86.Deploy.0 = Debug|Any CPU
		{699E9E4C-5850-4D0C-A57E-82CD8E5FABF2}.Release|Any CPU.ActiveCfg = Release|Any CPU
		{699E9E4C-5850-4D0C-A57E-82CD8E5FABF2}.Release|Any CPU.Build.0 = Release|Any CPU
		{699E9E4C-5850-4D0C-A57E-82CD8E5FABF2}.Release|Any CPU.Deploy.0 = Release|Any CPU
		{699E9E4C-5850-4D0C-A57E-82CD8E5FABF2}.Release|ARM.ActiveCfg = Release|Any CPU
		{699E9E4C-5850-4D0C-A57E-82CD8E5FABF2}.Release|ARM.Build.0 = Release|Any CPU
		{699E9E4C-5850-4D0C-A57E-82CD8E5FABF2}.Release|ARM.Deploy.0 = Release|Any CPU
		{699E9E4C-5850-4D0C-A57E-82CD8E5FABF2}.Release|iPhone.ActiveCfg = Release|Any CPU
		{699E9E4C-5850-4D0C-A57E-82CD8E5FABF2}.Release|iPhone.Build.0 = Release|Any CPU
		{699E9E4C-5850-4D0C-A57E-82CD8E5FABF2}.Release|iPhone.Deploy.0 = Release|Any CPU
		{699E9E4C-5850-4D0C-A57E-82CD8E5FABF2}.Release|iPhoneSimulator.ActiveCfg = Release|Any CPU
		{699E9E4C-5850-4D0C-A57E-82CD8E5FABF2}.Release|iPhoneSimulator.Build.0 = Release|Any CPU
		{699E9E4C-5850-4D0C-A57E-82CD8E5FABF2}.Release|iPhoneSimulator.Deploy.0 = Release|Any CPU
		{699E9E4C-5850-4D0C-A57E-82CD8E5FABF2}.Release|x64.ActiveCfg = Release|Any CPU
		{699E9E4C-5850-4D0C-A57E-82CD8E5FABF2}.Release|x64.Build.0 = Release|Any CPU
		{699E9E4C-5850-4D0C-A57E-82CD8E5FABF2}.Release|x64.Deploy.0 = Release|Any CPU
		{699E9E4C-5850-4D0C-A57E-82CD8E5FABF2}.Release|x86.ActiveCfg = Release|Any CPU
		{699E9E4C-5850-4D0C-A57E-82CD8E5FABF2}.Release|x86.Build.0 = Release|Any CPU
		{699E9E4C-5850-4D0C-A57E-82CD8E5FABF2}.Release|x86.Deploy.0 = Release|Any CPU
		{ECD62E6C-4A22-4E51-A9D6-451073033F77}.Debug|Any CPU.ActiveCfg = Debug|iPhone
		{ECD62E6C-4A22-4E51-A9D6-451073033F77}.Debug|Any CPU.Build.0 = Debug|iPhone
		{ECD62E6C-4A22-4E51-A9D6-451073033F77}.Debug|Any CPU.Deploy.0 = Debug|iPhone
		{ECD62E6C-4A22-4E51-A9D6-451073033F77}.Debug|ARM.ActiveCfg = Debug|iPhoneSimulator
		{ECD62E6C-4A22-4E51-A9D6-451073033F77}.Debug|ARM.Build.0 = Debug|iPhoneSimulator
		{ECD62E6C-4A22-4E51-A9D6-451073033F77}.Debug|ARM.Deploy.0 = Debug|iPhoneSimulator
		{ECD62E6C-4A22-4E51-A9D6-451073033F77}.Debug|iPhone.ActiveCfg = Debug|iPhone
		{ECD62E6C-4A22-4E51-A9D6-451073033F77}.Debug|iPhone.Build.0 = Debug|iPhone
		{ECD62E6C-4A22-4E51-A9D6-451073033F77}.Debug|iPhone.Deploy.0 = Debug|iPhone
		{ECD62E6C-4A22-4E51-A9D6-451073033F77}.Debug|iPhoneSimulator.ActiveCfg = Debug|iPhoneSimulator
		{ECD62E6C-4A22-4E51-A9D6-451073033F77}.Debug|iPhoneSimulator.Build.0 = Debug|iPhoneSimulator
		{ECD62E6C-4A22-4E51-A9D6-451073033F77}.Debug|iPhoneSimulator.Deploy.0 = Debug|iPhoneSimulator
		{ECD62E6C-4A22-4E51-A9D6-451073033F77}.Debug|x64.ActiveCfg = Debug|iPhone
		{ECD62E6C-4A22-4E51-A9D6-451073033F77}.Debug|x64.Build.0 = Debug|iPhone
		{ECD62E6C-4A22-4E51-A9D6-451073033F77}.Debug|x64.Deploy.0 = Debug|iPhone
		{ECD62E6C-4A22-4E51-A9D6-451073033F77}.Debug|x86.ActiveCfg = Debug|iPhone
		{ECD62E6C-4A22-4E51-A9D6-451073033F77}.Debug|x86.Build.0 = Debug|iPhone
		{ECD62E6C-4A22-4E51-A9D6-451073033F77}.Debug|x86.Deploy.0 = Debug|iPhone
		{ECD62E6C-4A22-4E51-A9D6-451073033F77}.Release|Any CPU.ActiveCfg = Release|iPhone
		{ECD62E6C-4A22-4E51-A9D6-451073033F77}.Release|Any CPU.Build.0 = Release|iPhone
		{ECD62E6C-4A22-4E51-A9D6-451073033F77}.Release|Any CPU.Deploy.0 = Release|iPhone
		{ECD62E6C-4A22-4E51-A9D6-451073033F77}.Release|ARM.ActiveCfg = Release|iPhone
		{ECD62E6C-4A22-4E51-A9D6-451073033F77}.Release|ARM.Build.0 = Release|iPhone
		{ECD62E6C-4A22-4E51-A9D6-451073033F77}.Release|ARM.Deploy.0 = Release|iPhone
		{ECD62E6C-4A22-4E51-A9D6-451073033F77}.Release|iPhone.ActiveCfg = Release|iPhone
		{ECD62E6C-4A22-4E51-A9D6-451073033F77}.Release|iPhone.Build.0 = Release|iPhone
		{ECD62E6C-4A22-4E51-A9D6-451073033F77}.Release|iPhone.Deploy.0 = Release|iPhone
		{ECD62E6C-4A22-4E51-A9D6-451073033F77}.Release|iPhoneSimulator.ActiveCfg = Release|iPhoneSimulator
		{ECD62E6C-4A22-4E51-A9D6-451073033F77}.Release|iPhoneSimulator.Build.0 = Release|iPhoneSimulator
		{ECD62E6C-4A22-4E51-A9D6-451073033F77}.Release|iPhoneSimulator.Deploy.0 = Release|iPhoneSimulator
		{ECD62E6C-4A22-4E51-A9D6-451073033F77}.Release|x64.ActiveCfg = Release|iPhone
		{ECD62E6C-4A22-4E51-A9D6-451073033F77}.Release|x64.Build.0 = Release|iPhone
		{ECD62E6C-4A22-4E51-A9D6-451073033F77}.Release|x64.Deploy.0 = Release|iPhone
		{ECD62E6C-4A22-4E51-A9D6-451073033F77}.Release|x86.ActiveCfg = Release|iPhone
		{ECD62E6C-4A22-4E51-A9D6-451073033F77}.Release|x86.Build.0 = Release|iPhone
		{ECD62E6C-4A22-4E51-A9D6-451073033F77}.Release|x86.Deploy.0 = Release|iPhone
		{FE8C8744-EFA1-499D-BE13-B07BA3BCE00E}.Debug|Any CPU.ActiveCfg = Debug|Any CPU
		{FE8C8744-EFA1-499D-BE13-B07BA3BCE00E}.Debug|Any CPU.Build.0 = Debug|Any CPU
		{FE8C8744-EFA1-499D-BE13-B07BA3BCE00E}.Debug|Any CPU.Deploy.0 = Debug|Any CPU
		{FE8C8744-EFA1-499D-BE13-B07BA3BCE00E}.Debug|ARM.ActiveCfg = Debug|Any CPU
		{FE8C8744-EFA1-499D-BE13-B07BA3BCE00E}.Debug|ARM.Build.0 = Debug|Any CPU
		{FE8C8744-EFA1-499D-BE13-B07BA3BCE00E}.Debug|ARM.Deploy.0 = Debug|Any CPU
		{FE8C8744-EFA1-499D-BE13-B07BA3BCE00E}.Debug|iPhone.ActiveCfg = Debug|Any CPU
		{FE8C8744-EFA1-499D-BE13-B07BA3BCE00E}.Debug|iPhone.Build.0 = Debug|Any CPU
		{FE8C8744-EFA1-499D-BE13-B07BA3BCE00E}.Debug|iPhone.Deploy.0 = Debug|Any CPU
		{FE8C8744-EFA1-499D-BE13-B07BA3BCE00E}.Debug|iPhoneSimulator.ActiveCfg = Debug|Any CPU
		{FE8C8744-EFA1-499D-BE13-B07BA3BCE00E}.Debug|iPhoneSimulator.Build.0 = Debug|Any CPU
		{FE8C8744-EFA1-499D-BE13-B07BA3BCE00E}.Debug|iPhoneSimulator.Deploy.0 = Debug|Any CPU
		{FE8C8744-EFA1-499D-BE13-B07BA3BCE00E}.Debug|x64.ActiveCfg = Debug|Any CPU
		{FE8C8744-EFA1-499D-BE13-B07BA3BCE00E}.Debug|x64.Build.0 = Debug|Any CPU
		{FE8C8744-EFA1-499D-BE13-B07BA3BCE00E}.Debug|x64.Deploy.0 = Debug|Any CPU
		{FE8C8744-EFA1-499D-BE13-B07BA3BCE00E}.Debug|x86.ActiveCfg = Debug|Any CPU
		{FE8C8744-EFA1-499D-BE13-B07BA3BCE00E}.Debug|x86.Build.0 = Debug|Any CPU
		{FE8C8744-EFA1-499D-BE13-B07BA3BCE00E}.Debug|x86.Deploy.0 = Debug|Any CPU
		{FE8C8744-EFA1-499D-BE13-B07BA3BCE00E}.Release|Any CPU.ActiveCfg = Release|Any CPU
		{FE8C8744-EFA1-499D-BE13-B07BA3BCE00E}.Release|Any CPU.Build.0 = Release|Any CPU
		{FE8C8744-EFA1-499D-BE13-B07BA3BCE00E}.Release|Any CPU.Deploy.0 = Release|Any CPU
		{FE8C8744-EFA1-499D-BE13-B07BA3BCE00E}.Release|ARM.ActiveCfg = Release|Any CPU
		{FE8C8744-EFA1-499D-BE13-B07BA3BCE00E}.Release|ARM.Build.0 = Release|Any CPU
		{FE8C8744-EFA1-499D-BE13-B07BA3BCE00E}.Release|ARM.Deploy.0 = Release|Any CPU
		{FE8C8744-EFA1-499D-BE13-B07BA3BCE00E}.Release|iPhone.ActiveCfg = Release|Any CPU
		{FE8C8744-EFA1-499D-BE13-B07BA3BCE00E}.Release|iPhone.Build.0 = Release|Any CPU
		{FE8C8744-EFA1-499D-BE13-B07BA3BCE00E}.Release|iPhone.Deploy.0 = Release|Any CPU
		{FE8C8744-EFA1-499D-BE13-B07BA3BCE00E}.Release|iPhoneSimulator.ActiveCfg = Release|Any CPU
		{FE8C8744-EFA1-499D-BE13-B07BA3BCE00E}.Release|iPhoneSimulator.Build.0 = Release|Any CPU
		{FE8C8744-EFA1-499D-BE13-B07BA3BCE00E}.Release|iPhoneSimulator.Deploy.0 = Release|Any CPU
		{FE8C8744-EFA1-499D-BE13-B07BA3BCE00E}.Release|x64.ActiveCfg = Release|Any CPU
		{FE8C8744-EFA1-499D-BE13-B07BA3BCE00E}.Release|x64.Build.0 = Release|Any CPU
		{FE8C8744-EFA1-499D-BE13-B07BA3BCE00E}.Release|x64.Deploy.0 = Release|Any CPU
		{FE8C8744-EFA1-499D-BE13-B07BA3BCE00E}.Release|x86.ActiveCfg = Release|Any CPU
		{FE8C8744-EFA1-499D-BE13-B07BA3BCE00E}.Release|x86.Build.0 = Release|Any CPU
		{FE8C8744-EFA1-499D-BE13-B07BA3BCE00E}.Release|x86.Deploy.0 = Release|Any CPU
	EndGlobalSection
	GlobalSection(SolutionProperties) = preSolution
		HideSolutionNode = FALSE
	EndGlobalSection
	GlobalSection(ExtensibilityGlobals) = postSolution
		SolutionGuid = {CBEE2DD1-6A1D-464B-B153-64169F4ECFD6}
	EndGlobalSection
EndGlobal
